
Microsoft Visual Studio Solution File, Format Version 12.00
# Visual Studio Version 17
VisualStudioVersion = 17.14.36511.14 d17.14
MinimumVisualStudioVersion = 10.0.40219.1
Project("{FAE04EC0-301F-11D3-BF4B-00C04F79EFBC}") = "MKPUC", "MKPUC.csproj", "{11A41873-D252-4815-A398-B7B5281D1DB0}"
EndProject
Global
	GlobalSection(SolutionConfigurationPlatforms) = preSolution
		Debug|Any CPU = Debug|Any CPU
		Release|Any CPU = Release|Any CPU
	EndGlobalSection
	GlobalSection(ProjectConfigurationPlatforms) = postSolution
		{11A41873-D252-4815-A398-B7B5281D1DB0}.Debug|Any CPU.ActiveCfg = Debug|Any CPU
		{11A41873-D252-4815-A398-B7B5281D1DB0}.Debug|Any CPU.Build.0 = Debug|Any CPU
		{11A41873-D252-4815-A398-B7B5281D1DB0}.Release|Any CPU.ActiveCfg = Release|Any CPU
		{11A41873-D252-4815-A398-B7B5281D1DB0}.Release|Any CPU.Build.0 = Release|Any CPU
	EndGlobalSection
	GlobalSection(SolutionProperties) = preSolution
		HideSolutionNode = FALSE
	EndGlobalSection
	GlobalSection(ExtensibilityGlobals) = postSolution
		SolutionGuid = {F12DE8C4-013A-4EAB-91FC-6946A14CBA2E}
	EndGlobalSection
EndGlobal
